mvdan.cc/xurls v1.1.0 h1:kj0j2lonKseISJCiq1Tfk+iTv65dDGCl0rTbanXJGGc=
mvdan.cc/xurls v1.1.0/go.mod h1:TNWuhvo+IqbUCmtUIb/3LJSQdrzel8loVpgFm0HikbI=
mvdan.cc/xurls/v2 v2.6.0 h1:3NTZpeTxYVWNSokW3MKeyVkz/j7uYXYiMtXRUfmjbgI=
mvdan.cc/xurls/v2 v2.6.0/go.mod h1:bCvEZ1XvdA6wDnxY7jPPjEmigDtvtvPXAD/Exa9IMSk=
